
Microsoft Visual Studio Solution File, Format Version 12.00
# Visual Studio 15
Project("{FAE04EC0-301F-11D3-BF4B-00C04F79EFBC}") = "Assembly-CSharp", "Assembly-CSharp.csproj", "{BC75323F-A304-C2E5-E01B-31074E7982CE}"
EndProject
Global
	GlobalSection(SolutionConfigurationPlatforms) = preSolution
		Debug|Any CPU = Debug|Any CPU
		Release|Any CPU = Release|Any CPU
	EndGlobalSection
	GlobalSection(ProjectConfigurationPlatforms) = postSolution
		{BC75323F-A304-C2E5-E01B-31074E7982CE}.Debug|Any CPU.ActiveCfg = Debug|Any CPU
		{BC75323F-A304-C2E5-E01B-31074E7982CE}.Debug|Any CPU.Build.0 = Debug|Any CPU
		{BC75323F-A304-C2E5-E01B-31074E7982CE}.Release|Any CPU.ActiveCfg = Release|Any CPU
		{BC75323F-A304-C2E5-E01B-31074E7982CE}.Release|Any CPU.Build.0 = Release|Any CPU
	EndGlobalSection
	GlobalSection(SolutionProperties) = preSolution
		HideSolutionNode = FALSE
	EndGlobalSection
EndGlobal
